{
  "name": "rspack-bazel",
  "version": "1.0.0",
  "lockfileVersion": 3,
  "requires": true,
  "packages": {
    "": {
      "name": "rspack-bazel",
      "version": "1.0.0",
      "dependencies": {
        "react": "^18.3.1",
        "react-dom": "^18.3.1"
      },
      "devDependencies": {
        "@rsbuild/core": "1.0.1-beta.9",
        "@rsbuild/plugin-react": "1.0.1-beta.9"
      }
    },
    "node_modules/@module-federation/runtime": {
      "version": "0.2.3",
      "dev": true,
      "license": "MIT",
      "dependencies": {
        "@module-federation/sdk": "0.2.3"
      }
    },
    "node_modules/@module-federation/runtime-tools": {
      "version": "0.2.3",
      "dev": true,
      "license": "MIT",
      "dependencies": {
        "@module-federation/runtime": "0.2.3",
        "@module-federation/webpack-bundler-runtime": "0.2.3"
      }
    },
    "node_modules/@module-federation/sdk": {
      "version": "0.2.3",
      "dev": true,
      "license": "MIT"
    },
    "node_modules/@module-federation/webpack-bundler-runtime": {
      "version": "0.2.3",
      "dev": true,
      "license": "MIT",
      "dependencies": {
        "@module-federation/runtime": "0.2.3",
        "@module-federation/sdk": "0.2.3"
      }
    },
    "node_modules/@rsbuild/core": {
      "version": "1.0.1-beta.9",
      "dev": true,
      "license": "MIT",
      "dependencies": {
        "@rspack/core": "1.0.0-beta.1",
        "@rspack/lite-tapable": "1.0.0-beta.1",
        "@swc/helpers": "0.5.11",
        "caniuse-lite": "^1.0.30001645",
        "core-js": "~3.37.1"
      },
      "bin": {
        "rsbuild": "bin/rsbuild.js"
      },
      "engines": {
        "node": ">=16.7.0"
      },
      "optionalDependencies": {
        "fsevents": "~2.3.3"
      }
    },
    "node_modules/@rsbuild/plugin-react": {
      "version": "1.0.1-beta.9",
      "dev": true,
      "license": "MIT",
      "dependencies": {
        "@rspack/plugin-react-refresh": "1.0.0-beta.1",
        "react-refresh": "^0.14.2"
      },
      "peerDependencies": {
        "@rsbuild/core": "^1.0.1-beta.9"
      }
    },
    "node_modules/@rspack/binding": {
      "version": "1.0.0-beta.1",
      "dev": true,
      "license": "MIT",
      "optionalDependencies": {
        "@rspack/binding-darwin-arm64": "1.0.0-beta.1",
        "@rspack/binding-darwin-x64": "1.0.0-beta.1",
        "@rspack/binding-linux-arm64-gnu": "1.0.0-beta.1",
        "@rspack/binding-linux-arm64-musl": "1.0.0-beta.1",
        "@rspack/binding-linux-x64-gnu": "1.0.0-beta.1",
        "@rspack/binding-linux-x64-musl": "1.0.0-beta.1",
        "@rspack/binding-win32-arm64-msvc": "1.0.0-beta.1",
        "@rspack/binding-win32-ia32-msvc": "1.0.0-beta.1",
        "@rspack/binding-win32-x64-msvc": "1.0.0-beta.1"
      }
    },
    "node_modules/@rspack/binding-darwin-arm64": {
      "version": "1.0.0-beta.1",
      "cpu": [
        "arm64"
      ],
      "dev": true,
      "license": "MIT",
      "optional": true,
      "os": [
        "darwin"
      ]
    },
    "node_modules/@rspack/core": {
      "version": "1.0.0-beta.1",
      "dev": true,
      "license": "MIT",
      "dependencies": {
        "@module-federation/runtime-tools": "0.2.3",
        "@rspack/binding": "1.0.0-beta.1",
        "@rspack/lite-tapable": "1.0.0-beta.1",
        "caniuse-lite": "^1.0.30001616"
      },
      "engines": {
        "node": ">=16.0.0"
      },
      "peerDependencies": {
        "@swc/helpers": ">=0.5.1"
      },
      "peerDependenciesMeta": {
        "@swc/helpers": {
          "optional": true
        }
      }
    },
    "node_modules/@rspack/lite-tapable": {
      "version": "1.0.0-beta.1",
      "dev": true,
      "license": "MIT",
      "engines": {
        "node": ">=16.0.0"
      }
    },
    "node_modules/@rspack/plugin-react-refresh": {
      "version": "1.0.0-beta.1",
      "dev": true,
      "license": "MIT",
      "dependencies": {
        "error-stack-parser": "^2.0.6",
        "html-entities": "^2.1.0"
      },
      "peerDependencies": {
        "react-refresh": ">=0.10.0 <1.0.0"
      },
      "peerDependenciesMeta": {
        "react-refresh": {
          "optional": true
        }
      }
    },
    "node_modules/@swc/helpers": {
      "version": "0.5.11",
      "dev": true,
      "license": "Apache-2.0",
      "dependencies": {
        "tslib": "^2.4.0"
      }
    },
    "node_modules/caniuse-lite": {
      "version": "1.0.30001647",
      "dev": true,
      "funding": [
        {
          "type": "opencollective",
          "url": "https://opencollective.com/browserslist"
        },
        {
          "type": "tidelift",
          "url": "https://tidelift.com/funding/github/npm/caniuse-lite"
        },
        {
          "type": "github",
          "url": "https://github.com/sponsors/ai"
        }
      ],
      "license": "CC-BY-4.0"
    },
    "node_modules/core-js": {
      "version": "3.37.1",
      "dev": true,
      "hasInstallScript": true,
      "license": "MIT",
      "funding": {
        "type": "opencollective",
        "url": "https://opencollective.com/core-js"
      }
    },
    "node_modules/error-stack-parser": {
      "version": "2.1.4",
      "dev": true,
      "license": "MIT",
      "dependencies": {
        "stackframe": "^1.3.4"
      }
    },
    "node_modules/fsevents": {
      "version": "2.3.3",
      "dev": true,
      "license": "MIT",
      "optional": true,
      "os": [
        "darwin"
      ],
      "engines": {
        "node": "^8.16.0 || ^10.6.0 || >=11.0.0"
      }
    },
    "node_modules/html-entities": {
      "version": "2.5.2",
      "dev": true,
      "funding": [
        {
          "type": "github",
          "url": "https://github.com/sponsors/mdevils"
        },
        {
          "type": "patreon",
          "url": "https://patreon.com/mdevils"
        }
      ],
      "license": "MIT"
    },
    "node_modules/js-tokens": {
      "version": "4.0.0",
      "license": "MIT"
    },
    "node_modules/loose-envify": {
      "version": "1.4.0",
      "license": "MIT",
      "dependencies": {
        "js-tokens": "^3.0.0 || ^4.0.0"
      },
      "bin": {
        "loose-envify": "cli.js"
      }
    },
    "node_modules/react": {
      "version": "18.3.1",
      "license": "MIT",
      "dependencies": {
        "loose-envify": "^1.1.0"
      },
      "engines": {
        "node": ">=0.10.0"
      }
    },
    "node_modules/react-dom": {
      "version": "18.3.1",
      "license": "MIT",
      "dependencies": {
        "loose-envify": "^1.1.0",
        "scheduler": "^0.23.2"
      },
      "peerDependencies": {
        "react": "^18.3.1"
      }
    },
    "node_modules/react-refresh": {
      "version": "0.14.2",
      "dev": true,
      "license": "MIT",
      "engines": {
        "node": ">=0.10.0"
      }
    },
    "node_modules/scheduler": {
      "version": "0.23.2",
      "license": "MIT",
      "dependencies": {
        "loose-envify": "^1.1.0"
      }
    },
    "node_modules/stackframe": {
      "version": "1.3.4",
      "dev": true,
      "license": "MIT"
    },
    "node_modules/tslib": {
      "version": "2.6.3",
      "dev": true,
      "license": "0BSD"
    }
  }
}
