lockfileVersion: 5.4

specifiers:
  '@rsbuild/core': 1.0.1-beta.9
  '@rsbuild/plugin-react': 1.0.1-beta.9
  react: ^18.3.1
  react-dom: ^18.3.1

dependencies:
  react: 18.3.1
  react-dom: 18.3.1_react@18.3.1

devDependencies:
  '@rsbuild/core': 1.0.1-beta.9
  '@rsbuild/plugin-react': 1.0.1-beta.9_@rsbuild+core@1.0.1-beta.9

packages:

  /@module-federation/runtime-tools/0.2.3:
    resolution: {integrity: sha512-capN8CVTCEqNAjnl102girrkevczoQfnQYyiYC4WuyKsg7+LUqfirIe1Eiyv6VSE2UgvOTZDnqvervA6rBOlmg==}
    dependencies:
      '@module-federation/runtime': 0.2.3
      '@module-federation/webpack-bundler-runtime': 0.2.3
    dev: true

  /@module-federation/runtime/0.2.3:
    resolution: {integrity: sha512-N+ZxBUb1mkmfO9XT1BwgYQgShtUTlijHbukqQ4afFka5lRAT+ayC7RKfHJLz0HbuexKPCmPBDfdmCnErR5WyTQ==}
    dependencies:
      '@module-federation/sdk': 0.2.3
    dev: true

  /@module-federation/sdk/0.2.3:
    resolution: {integrity: sha512-W9zrPchLocyCBc/B8CW21akcfJXLl++9xBe1L1EtgxZGfj/xwHt0GcBWE/y+QGvYTL2a1iZjwscbftbUhxgxXg==}
    dev: true

  /@module-federation/webpack-bundler-runtime/0.2.3:
    resolution: {integrity: sha512-L/jt2uJ+8dwYiyn9GxryzDR6tr/Wk8rpgvelM2EBeLIhu7YxCHSmSjQYhw3BTux9zZIr47d1K9fGjBFsVRd/SQ==}
    dependencies:
      '@module-federation/runtime': 0.2.3
      '@module-federation/sdk': 0.2.3
    dev: true

  /@rsbuild/core/1.0.1-beta.9:
    resolution: {integrity: sha512-F9npL47TFmNVhPBqoE6jBvKGxXEKNszBA7skhbi3opskmX7Ako9vfXvtgi2W2jQjq837/WUL8gG/ua9zRqKFEQ==}
    engines: {node: '>=16.7.0'}
    hasBin: true
    dependencies:
      '@rspack/core': 1.0.0-beta.1_@swc+helpers@0.5.11
      '@rspack/lite-tapable': 1.0.0-beta.1
      '@swc/helpers': 0.5.11
      caniuse-lite: 1.0.30001647
      core-js: 3.37.1
    optionalDependencies:
      fsevents: 2.3.3
    dev: true

  /@rsbuild/plugin-react/1.0.1-beta.9_@rsbuild+core@1.0.1-beta.9:
    resolution: {integrity: sha512-MX5bWSEW5Nr8jhNAVxWlNVnraJxtOYTEZna5znaypLv7m4V8w0go1Nzb210ueRSbFCEYvP+zJZzkq33m+3TWXQ==}
    peerDependencies:
      '@rsbuild/core': ^1.0.1-beta.9
    dependencies:
      '@rsbuild/core': 1.0.1-beta.9
      '@rspack/plugin-react-refresh': 1.0.0-beta.1_react-refresh@0.14.2
      react-refresh: 0.14.2
    dev: true

  /@rspack/binding-darwin-arm64/1.0.0-beta.1:
    resolution: {integrity: sha512-KyC+xEMy9Y5JivO2e5rlKFGT74uwDhbwJjSCR5KOLQtZjDWeLwhf7aZhkoSQJUEsK5tAuuUoTP02RJFzK5llpA==}
    cpu: [arm64]
    os: [darwin]
    requiresBuild: true
    dev: true
    optional: true

  /@rspack/binding-darwin-x64/1.0.0-beta.1:
    resolution: {integrity: sha512-Onc35+qQ7YwE6+aB66l/ZnRFXfhA1hXH5aNnNJmIFEAmqzkvOGREkWy3CdfsklF/l/xt33iUM7ccnNgdpk7yKw==}
    cpu: [x64]
    os: [darwin]
    requiresBuild: true
    dev: true
    optional: true

  /@rspack/binding-linux-arm64-gnu/1.0.0-beta.1:
    resolution: {integrity: sha512-NlXtRlKcoBzB6EQEiXegW0nMToEPXD+hExaev0j1+uzsFrMJ0uIY49k6+DapwWZ8A2jUdvH7xdWT+eAXD3l/EA==}
    cpu: [arm64]
    os: [linux]
    requiresBuild: true
    dev: true
    optional: true

  /@rspack/binding-linux-arm64-musl/1.0.0-beta.1:
    resolution: {integrity: sha512-fPS8ukoPgmBSUX4dt74flObcbYzO3uaP1bk4k/98Gr3Bw0ACDZ6h5nqlxoXoeVzhNcNMBcfv45un8H3i411AyA==}
    cpu: [arm64]
    os: [linux]
    requiresBuild: true
    dev: true
    optional: true

  /@rspack/binding-linux-x64-gnu/1.0.0-beta.1:
    resolution: {integrity: sha512-9U78G7BtevPZ9GEJ2AhGHt03n+GEhKVvEZ/tgu+flFV0tYGjq75QQX345x4m+uercTqzRBTyuWITweIzppeWuQ==}
    cpu: [x64]
    os: [linux]
    requiresBuild: true
    dev: true
    optional: true

  /@rspack/binding-linux-x64-musl/1.0.0-beta.1:
    resolution: {integrity: sha512-qqNPseWAOKmV33YL7tihY0N9xwY+N1G9na6lT7iqZnsrzPkIZmESI9Z24fXVJqLC/UhfxAth4RKhVBeKTsPk1w==}
    cpu: [x64]
    os: [linux]
    requiresBuild: true
    dev: true
    optional: true

  /@rspack/binding-win32-arm64-msvc/1.0.0-beta.1:
    resolution: {integrity: sha512-VeBGYItHWqImYt23rBChXrk1o7fQxwTv6BEhtMpTnMJV10O6+Db9NckPEplcKLmNKAAA5anxH40GcpPc4nff8A==}
    cpu: [arm64]
    os: [win32]
    requiresBuild: true
    dev: true
    optional: true

  /@rspack/binding-win32-ia32-msvc/1.0.0-beta.1:
    resolution: {integrity: sha512-ZxLQ1zOpyCKefsKvDYGGIHM019avNPfesJKdw7wYqeC+EIvWZfs86lnhlSL5PlZzV5AfFZQyQJFRjAv4JPpe4Q==}
    cpu: [ia32]
    os: [win32]
    requiresBuild: true
    dev: true
    optional: true

  /@rspack/binding-win32-x64-msvc/1.0.0-beta.1:
    resolution: {integrity: sha512-tMrjEA/2SGMVLbh/zOQoZrr1Xx+oI6RZnkXH6l95ON4yZiD+8wM84w8Ernj1N8KwclTuvBzxM0r3DLHTNZcDhw==}
    cpu: [x64]
    os: [win32]
    requiresBuild: true
    dev: true
    optional: true

  /@rspack/binding/1.0.0-beta.1:
    resolution: {integrity: sha512-p7XBvk1+fAmvrlmdeRr5J9wdXx5idVZjHFJu/3qPHWf5mHKRw2/tQVbqzExj+B1nwR6HXFgxCiiddaWauMS/YQ==}
    optionalDependencies:
      '@rspack/binding-darwin-arm64': 1.0.0-beta.1
      '@rspack/binding-darwin-x64': 1.0.0-beta.1
      '@rspack/binding-linux-arm64-gnu': 1.0.0-beta.1
      '@rspack/binding-linux-arm64-musl': 1.0.0-beta.1
      '@rspack/binding-linux-x64-gnu': 1.0.0-beta.1
      '@rspack/binding-linux-x64-musl': 1.0.0-beta.1
      '@rspack/binding-win32-arm64-msvc': 1.0.0-beta.1
      '@rspack/binding-win32-ia32-msvc': 1.0.0-beta.1
      '@rspack/binding-win32-x64-msvc': 1.0.0-beta.1
    dev: true

  /@rspack/core/1.0.0-beta.1_@swc+helpers@0.5.11:
    resolution: {integrity: sha512-aUWR/FUUw7x0L/qEZ0qrXC+7YYOL0Ezwd95TqDIDIYkSODJ6ZPt3a8poPwWc7IBdONgb8sGDPTzAXXEjcsBMwQ==}
    engines: {node: '>=16.0.0'}
    peerDependencies:
      '@swc/helpers': '>=0.5.1'
    peerDependenciesMeta:
      '@swc/helpers':
        optional: true
    dependencies:
      '@module-federation/runtime-tools': 0.2.3
      '@rspack/binding': 1.0.0-beta.1
      '@rspack/lite-tapable': 1.0.0-beta.1
      '@swc/helpers': 0.5.11
      caniuse-lite: 1.0.30001647
    dev: true

  /@rspack/lite-tapable/1.0.0-beta.1:
    resolution: {integrity: sha512-r4xtbJp6QhW6A1twkgTP0UQkPC9cOT3sFjjjlx22j/q669HJRz+CVTlVcNxPomK7Q3Kg6dVsyv16MjGRl/fl5g==}
    engines: {node: '>=16.0.0'}
    dev: true

  /@rspack/plugin-react-refresh/1.0.0-beta.1_react-refresh@0.14.2:
    resolution: {integrity: sha512-TLv3aB0NJtGPY38cMktnEkJ64RGLCed7MxQhc7f6V5FzOc3cZldTYSMThTZw1R/APc7GIHC4A26Ny5IogYlzvw==}
    peerDependencies:
      react-refresh: '>=0.10.0 <1.0.0'
    peerDependenciesMeta:
      react-refresh:
        optional: true
    dependencies:
      error-stack-parser: 2.1.4
      html-entities: 2.5.2
      react-refresh: 0.14.2
    dev: true

  /@swc/helpers/0.5.11:
    resolution: {integrity: sha512-YNlnKRWF2sVojTpIyzwou9XoTNbzbzONwRhOoniEioF1AtaitTvVZblaQRrAzChWQ1bLYyYSWzM18y4WwgzJ+A==}
    dependencies:
      tslib: 2.6.3
    dev: true

  /caniuse-lite/1.0.30001647:
    resolution: {integrity: sha512-n83xdNiyeNcHpzWY+1aFbqCK7LuLfBricc4+alSQL2Xb6OR3XpnQAmlDG+pQcdTfiHRuLcQ96VOfrPSGiNJYSg==}
    dev: true

  /core-js/3.37.1:
    resolution: {integrity: sha512-Xn6qmxrQZyB0FFY8E3bgRXei3lWDJHhvI+u0q9TKIYM49G8pAr0FgnnrFRAmsbptZL1yxRADVXn+x5AGsbBfyw==}
    requiresBuild: true
    dev: true

  /error-stack-parser/2.1.4:
    resolution: {integrity: sha512-Sk5V6wVazPhq5MhpO+AUxJn5x7XSXGl1R93Vn7i+zS15KDVxQijejNCrz8340/2bgLBjR9GtEG8ZVKONDjcqGQ==}
    dependencies:
      stackframe: 1.3.4
    dev: true

  /fsevents/2.3.3:
    resolution: {integrity: sha512-5xoDfX+fL7faATnagmWPpbFtwh/R77WmMMqqHGS65C3vvB0YHrgF+B1YmZ3441tMj5n63k0212XNoJwzlhffQw==}
    engines: {node: ^8.16.0 || ^10.6.0 || >=11.0.0}
    os: [darwin]
    requiresBuild: true
    dev: true
    optional: true

  /html-entities/2.5.2:
    resolution: {integrity: sha512-K//PSRMQk4FZ78Kyau+mZurHn3FH0Vwr+H36eE0rPbeYkRRi9YxceYPhuN60UwWorxyKHhqoAJl2OFKa4BVtaA==}
    dev: true

  /js-tokens/4.0.0:
    resolution: {integrity: sha512-RdJUflcE3cUzKiMqQgsCu06FPu9UdIJO0beYbPhHN4k6apgJtifcoCtT9bcxOpYBtpD2kCM6Sbzg4CausW/PKQ==}
    dev: false

  /loose-envify/1.4.0:
    resolution: {integrity: sha512-lyuxPGr/Wfhrlem2CL/UcnUc1zcqKAImBDzukY7Y5F/yQiNdko6+fRLevlw1HgMySw7f611UIY408EtxRSoK3Q==}
    hasBin: true
    dependencies:
      js-tokens: 4.0.0
    dev: false

  /react-dom/18.3.1_react@18.3.1:
    resolution: {integrity: sha512-5m4nQKp+rZRb09LNH59GM4BxTh9251/ylbKIbpe7TpGxfJ+9kv6BLkLBXIjjspbgbnIBNqlI23tRnTWT0snUIw==}
    peerDependencies:
      react: ^18.3.1
    dependencies:
      loose-envify: 1.4.0
      react: 18.3.1
      scheduler: 0.23.2
    dev: false

  /react-refresh/0.14.2:
    resolution: {integrity: sha512-jCvmsr+1IUSMUyzOkRcvnVbX3ZYC6g9TDrDbFuFmRDq7PD4yaGbLKNQL6k2jnArV8hjYxh7hVhAZB6s9HDGpZA==}
    engines: {node: '>=0.10.0'}
    dev: true

  /react/18.3.1:
    resolution: {integrity: sha512-wS+hAgJShR0KhEvPJArfuPVN1+Hz1t0Y6n5jLrGQbkb4urgPE/0Rve+1kMB1v/oWgHgm4WIcV+i7F2pTVj+2iQ==}
    engines: {node: '>=0.10.0'}
    dependencies:
      loose-envify: 1.4.0
    dev: false

  /scheduler/0.23.2:
    resolution: {integrity: sha512-UOShsPwz7NrMUqhR6t0hWjFduvOzbtv7toDH1/hIrfRNIDBnnBWd0CwJTGvTpngVlmwGCdP9/Zl/tVrDqcuYzQ==}
    dependencies:
      loose-envify: 1.4.0
    dev: false

  /stackframe/1.3.4:
    resolution: {integrity: sha512-oeVtt7eWQS+Na6F//S4kJ2K2VbRlS9D43mAlMyVpVWovy9o+jfgH8O9agzANzaiLjclA0oYzUXEM4PurhSUChw==}
    dev: true

  /tslib/2.6.3:
    resolution: {integrity: sha512-xNvxJEOUiWPGhUuUdQgAJPKOOJfGnIyKySOc09XkKsgdUV/3E2zvwZYdejjmRgPCgcym1juLH3226yA7sEFJKQ==}
    dev: true
